// !$*UTF8*$!
{
	archiveVersion = 1;
	classes = {
	};
	objectVersion = 50;
	objects = {

/* Begin PBXBuildFile section */
		BA3FD01721B97C0000F9BADD /* AppDelegate.m in Sources */ = {isa = PBXBuildFile; fileRef = BA3FD01621B97C0000F9BADD /* AppDelegate.m */; };
		BA3FD01921B97C0100F9BADD /* Assets.xcassets in Resources */ = {isa = PBXBuildFile; fileRef = BA3FD01821B97C0100F9BADD /* Assets.xcassets */; };
		BA3FD01C21B97C0100F9BADD /* MainMenu.xib in Resources */ = {isa = PBXBuildFile; fileRef = BA3FD01A21B97C0100F9BADD /* MainMenu.xib */; };
		BA3FD01F21B97C0100F9BADD /* main.m in Sources */ = {isa = PBXBuildFile; fileRef = BA3FD01E21B97C0100F9BADD /* main.m */; };
		BA3FD02921B97C2E00F9BADD /* ATSortedMutableArray.m in Sources */ = {isa = PBXBuildFile; fileRef = BA3FD02821B97C2E00F9BADD /* ATSortedMutableArray.m */; };
/* End PBXBuildFile section */

/* Begin PBXFileReference section */
		BA3FD01221B97C0000F9BADD /* ATSortedMutableArray.app */ = {isa = PBXFileReference; explicitFileType = wrapper.application; includeInIndex = 0; path = ATSortedMutableArray.app; sourceTree = BUILT_PRODUCTS_DIR; };
		BA3FD01521B97C0000F9BADD /* AppDelegate.h */ = {isa = PBXFileReference; lastKnownFileType = sourcecode.c.h; path = AppDelegate.h; sourceTree = "<group>"; };
		BA3FD01621B97C0000F9BADD /* AppDelegate.m */ = {isa = PBXFileReference; lastKnownFileType = sourcecode.c.objc; path = AppDelegate.m; sourceTree = "<group>"; };
		BA3FD01821B97C0100F9BADD /* Assets.xcassets */ = {isa = PBXFileReference; lastKnownFileType = folder.assetcatalog; path = Assets.xcassets; sourceTree = "<group>"; };
		BA3FD01B21B97C0100F9BADD /* Base */ = {isa = PBXFileReference; lastKnownFileType = file.xib; name = Base; path = Base.lproj/MainMenu.xib; sourceTree = "<group>"; };
		BA3FD01D21B97C0100F9BADD /* Info.plist */ = {isa = PBXFileReference; lastKnownFileType = text.plist.xml; path = Info.plist; sourceTree = "<group>"; };
		BA3FD01E21B97C0100F9BADD /* main.m */ = {isa = PBXFileReference; lastKnownFileType = sourcecode.c.objc; path = main.m; sourceTree = "<group>"; };
		BA3FD02021B97C0100F9BADD /* ATSortedMutableArray.entitlements */ = {isa = PBXFileReference; lastKnownFileType = text.plist.entitlements; path = ATSortedMutableArray.entitlements; sourceTree = "<group>"; };
		BA3FD02721B97C2E00F9BADD /* ATSortedMutableArray.h */ = {isa = PBXFileReference; lastKnownFileType = sourcecode.c.h; path = ATSortedMutableArray.h; sourceTree = "<group>"; };
		BA3FD02821B97C2E00F9BADD /* ATSortedMutableArray.m */ = {isa = PBXFileReference; lastKnownFileType = sourcecode.c.objc; path = ATSortedMutableArray.m; sourceTree = "<group>"; };
/* End PBXFileReference section */

/* Begin PBXFrameworksBuildPhase section */
		BA3FD00F21B97C0000F9BADD /* Frameworks */ = {
			isa = PBXFrameworksBuildPhase;
			buildActionMask = 2147483647;
			files = (
			);
			runOnlyForDeploymentPostprocessing = 0;
		};
/* End PBXFrameworksBuildPhase section */

/* Begin PBXGroup section */
		BA3FD00921B97C0000F9BADD = {
			isa = PBXGroup;
			children = (
				BA3FD01421B97C0000F9BADD /* ATSortedMutableArray */,
				BA3FD01321B97C0000F9BADD /* Products */,
			);
			sourceTree = "<group>";
		};
		BA3FD01321B97C0000F9BADD /* Products */ = {
			isa = PBXGroup;
			children = (
				BA3FD01221B97C0000F9BADD /* ATSortedMutableArray.app */,
			);
			name = Products;
			sourceTree = "<group>";
		};
		BA3FD01421B97C0000F9BADD /* ATSortedMutableArray */ = {
			isa = PBXGroup;
			children = (
				BA3FD01521B97C0000F9BADD /* AppDelegate.h */,
				BA3FD01621B97C0000F9BADD /* AppDelegate.m */,
				BA3FD01A21B97C0100F9BADD /* MainMenu.xib */,
				BA3FD02721B97C2E00F9BADD /* ATSortedMutableArray.h */,
				BA3FD02821B97C2E00F9BADD /* ATSortedMutableArray.m */,
				BA3FD02621B97C0E00F9BADD /* Supporting Files */,
			);
			path = ATSortedMutableArray;
			sourceTree = "<group>";
		};
		BA3FD02621B97C0E00F9BADD /* Supporting Files */ = {
			isa = PBXGroup;
			children = (
				BA3FD02021B97C0100F9BADD /* ATSortedMutableArray.entitlements */,
				BA3FD01821B97C0100F9BADD /* Assets.xcassets */,
				BA3FD01E21B97C0100F9BADD /* main.m */,
				BA3FD01D21B97C0100F9BADD /* Info.plist */,
			);
			name = "Supporting Files";
			sourceTree = "<group>";
		};
/* End PBXGroup section */

/* Begin PBXNativeTarget section */
		BA3FD01121B97C0000F9BADD /* ATSortedMutableArray */ = {
			isa = PBXNativeTarget;
			buildConfigurationList = BA3FD02321B97C0100F9BADD /* Build configuration list for PBXNativeTarget "ATSortedMutableArray" */;
			buildPhases = (
				BA3FD00E21B97C0000F9BADD /* Sources */,
				BA3FD00F21B97C0000F9BADD /* Frameworks */,
				BA3FD01021B97C0000F9BADD /* Resources */,
			);
			buildRules = (
			);
			dependencies = (
			);
			name = ATSortedMutableArray;
			productName = ATSortedMutableArray;
			productReference = BA3FD01221B97C0000F9BADD /* ATSortedMutableArray.app */;
			productType = "com.apple.product-type.application";
		};
/* End PBXNativeTarget section */

/* Begin PBXProject section */
		BA3FD00A21B97C0000F9BADD /* Project object */ = {
			isa = PBXProject;
			attributes = {
				LastUpgradeCheck = 1010;
				ORGANIZATIONNAME = "Writes for All";
				TargetAttributes = {
					BA3FD01121B97C0000F9BADD = {
						CreatedOnToolsVersion = 10.1;
					};
				};
			};
			buildConfigurationList = BA3FD00D21B97C0000F9BADD /* Build configuration list for PBXProject "ATSortedMutableArray" */;
			compatibilityVersion = "Xcode 9.3";
			developmentRegion = en;
			hasScannedForEncodings = 0;
			knownRegions = (
				en,
				Base,
			);
			mainGroup = BA3FD00921B97C0000F9BADD;
			productRefGroup = BA3FD01321B97C0000F9BADD /* Products */;
			projectDirPath = "";
			projectRoot = "";
			targets = (
				BA3FD01121B97C0000F9BADD /* ATSortedMutableArray */,
			);
		};
/* End PBXProject section */

/* Begin PBXResourcesBuildPhase section */
		BA3FD01021B97C0000F9BADD /* Resources */ = {
			isa = PBXResourcesBuildPhase;
			buildActionMask = 2147483647;
			files = (
				BA3FD01921B97C0100F9BADD /* Assets.xcassets in Resources */,
				BA3FD01C21B97C0100F9BADD /* MainMenu.xib in Resources */,
			);
			runOnlyForDeploymentPostprocessing = 0;
		};
/* End PBXResourcesBuildPhase section */

/* Begin PBXSourcesBuildPhase section */
		BA3FD00E21B97C0000F9BADD /* Sources */ = {
			isa = PBXSourcesBuildPhase;
			buildActionMask = 2147483647;
			files = (
				BA3FD02921B97C2E00F9BADD /* ATSortedMutableArray.m in Sources */,
				BA3FD01F21B97C0100F9BADD /* main.m in Sources */,
				BA3FD01721B97C0000F9BADD /* AppDelegate.m in Sources */,
			);
			runOnlyForDeploymentPostprocessing = 0;
		};
/* End PBXSourcesBuildPhase section */

/* Begin PBXVariantGroup section */
		BA3FD01A21B97C0100F9BADD /* MainMenu.xib */ = {
			isa = PBXVariantGroup;
			children = (
				BA3FD01B21B97C0100F9BADD /* Base */,
			);
			name = MainMenu.xib;
			sourceTree = "<group>";
		};
/* End PBXVariantGroup section */

/* Begin XCBuildConfiguration section */
		BA3FD02121B97C0100F9BADD /* Debug */ = {
			isa = XCBuildConfiguration;
			buildSettings = {
				ALWAYS_SEARCH_USER_PATHS = NO;
				CLANG_ANALYZER_NONNULL = YES;
				CLANG_ANALYZER_NUMBER_OBJECT_CONVERSION = YES_AGGRESSIVE;
				CLANG_CXX_LANGUAGE_STANDARD = "gnu++14";
				CLANG_CXX_LIBRARY = "libc++";
				CLANG_ENABLE_MODULES = YES;
				CLANG_ENABLE_OBJC_ARC = YES;
				CLANG_ENABLE_OBJC_WEAK = YES;
				CLANG_WARN_BLOCK_CAPTURE_AUTORELEASING = YES;
				CLANG_WARN_BOOL_CONVERSION = YES;
				CLANG_WARN_COMMA = YES;
				CLANG_WARN_CONSTANT_CONVERSION = YES;
				CLANG_WARN_DEPRECATED_OBJC_IMPLEMENTATIONS = YES;
				CLANG_WARN_DIRECT_OBJC_ISA_USAGE = YES_ERROR;
				CLANG_WARN_DOCUMENTATION_COMMENTS = YES;
				CLANG_WARN_EMPTY_BODY = YES;
				CLANG_WARN_ENUM_CONVERSION = YES;
				CLANG_WARN_INFINITE_RECURSION = YES;
				CLANG_WARN_INT_CONVERSION = YES;
				CLANG_WARN_NON_LITERAL_NULL_CONVERSION = YES;
				CLANG_WARN_OBJC_IMPLICIT_RETAIN_SELF = YES;
				CLANG_WARN_OBJC_LITERAL_CONVERSION = YES;
				CLANG_WARN_OBJC_ROOT_CLASS = YES_ERROR;
				CLANG_WARN_RANGE_LOOP_ANALYSIS = YES;
				CLANG_WARN_STRICT_PROTOTYPES = YES;
				CLANG_WARN_SUSPICIOUS_MOVE = YES;
				CLANG_WARN_UNGUARDED_AVAILABILITY = YES_AGGRESSIVE;
				CLANG_WARN_UNREACHABLE_CODE = YES;
				CLANG_WARN__DUPLICATE_METHOD_MATCH = YES;
				CODE_SIGN_IDENTITY = "Mac Developer";
				COPY_PHASE_STRIP = NO;
				DEBUG_INFORMATION_FORMAT = dwarf;
				ENABLE_STRICT_OBJC_MSGSEND = YES;
				ENABLE_TESTABILITY = YES;
				GCC_C_LANGUAGE_STANDARD = gnu11;
				GCC_DYNAMIC_NO_PIC = NO;
				GCC_NO_COMMON_BLOCKS = YES;
				GCC_OPTIMIZATION_LEVEL = 0;
				GCC_PREPROCESSOR_DEFINITIONS = (
					"DEBUG=1",
					"$(inherited)",
				);
				GCC_WARN_64_TO_32_BIT_CONVERSION = YES;
				GCC_WARN_ABOUT_RETURN_TYPE = YES_ERROR;
				GCC_WARN_UNDECLARED_SELECTOR = YES;
				GCC_WARN_UNINITIALIZED_AUTOS = YES_AGGRESSIVE;
				GCC_WARN_UNUSED_FUNCTION = YES;
				GCC_WARN_UNUSED_VARIABLE = YES;
				MACOSX_DEPLOYMENT_TARGET = 10.14;
				MTL_ENABLE_DEBUG_INFO = INCLUDE_SOURCE;
				MTL_FAST_MATH = YES;
				ONLY_ACTIVE_ARCH = YES;
				SDKROOT = macosx;
			};
			name = Debug;
		};
		BA3FD02221B97C0100F9BADD /* Release */ = {
			isa = XCBuildConfiguration;
			buildSettings = {
				ALWAYS_SEARCH_USER_PATHS = NO;
				CLANG_ANALYZER_NONNULL = YES;
				CLANG_ANALYZER_NUMBER_OBJECT_CONVERSION = YES_AGGRESSIVE;
				CLANG_CXX_LANGUAGE_STANDARD = "gnu++14";
				CLANG_CXX_LIBRARY = "libc++";
				CLANG_ENABLE_MODULES = YES;
				CLANG_ENABLE_OBJC_ARC = YES;
				CLANG_ENABLE_OBJC_WEAK = YES;
				CLANG_WARN_BLOCK_CAPTURE_AUTORELEASING = YES;
				CLANG_WARN_BOOL_CONVERSION = YES;
				CLANG_WARN_COMMA = YES;
				CLANG_WARN_CONSTANT_CONVERSION = YES;
				CLANG_WARN_DEPRECATED_OBJC_IMPLEMENTATIONS = YES;
				CLANG_WARN_DIRECT_OBJC_ISA_USAGE = YES_ERROR;
				CLANG_WARN_DOCUMENTATION_COMMENTS = YES;
				CLANG_WARN_EMPTY_BODY = YES;
				CLANG_WARN_ENUM_CONVERSION = YES;
				CLANG_WARN_INFINITE_RECURSION = YES;
				CLANG_WARN_INT_CONVERSION = YES;
				CLANG_WARN_NON_LITERAL_NULL_CONVERSION = YES;
				CLANG_WARN_OBJC_IMPLICIT_RETAIN_SELF = YES;
				CLANG_WARN_OBJC_LITERAL_CONVERSION = YES;
				CLANG_WARN_OBJC_ROOT_CLASS = YES_ERROR;
				CLANG_WARN_RANGE_LOOP_ANALYSIS = YES;
				CLANG_WARN_STRICT_PROTOTYPES = YES;
				CLANG_WARN_SUSPICIOUS_MOVE = YES;
				CLANG_WARN_UNGUARDED_AVAILABILITY = YES_AGGRESSIVE;
				CLANG_WARN_UNREACHABLE_CODE = YES;
				CLANG_WARN__DUPLICATE_METHOD_MATCH = YES;
				CODE_SIGN_IDENTITY = "Mac Developer";
				COPY_PHASE_STRIP = NO;
				DEBUG_INFORMATION_FORMAT = "dwarf-with-dsym";
				ENABLE_NS_ASSERTIONS = NO;
				ENABLE_STRICT_OBJC_MSGSEND = YES;
				GCC_C_LANGUAGE_STANDARD = gnu11;
				GCC_NO_COMMON_BLOCKS = YES;
				GCC_WARN_64_TO_32_BIT_CONVERSION = YES;
				GCC_WARN_ABOUT_RETURN_TYPE = YES_ERROR;
				GCC_WARN_UNDECLARED_SELECTOR = YES;
				GCC_WARN_UNINITIALIZED_AUTOS = YES_AGGRESSIVE;
				GCC_WARN_UNUSED_FUNCTION = YES;
				GCC_WARN_UNUSED_VARIABLE = YES;
				MACOSX_DEPLOYMENT_TARGET = 10.14;
				MTL_ENABLE_DEBUG_INFO = NO;
				MTL_FAST_MATH = YES;
				SDKROOT = macosx;
			};
			name = Release;
		};
		BA3FD02421B97C0100F9BADD /* Debug */ = {
			isa = XCBuildConfiguration;
			buildSettings = {
				ASSETCATALOG_COMPILER_APPICON_NAME = AppIcon;
				CODE_SIGN_ENTITLEMENTS = ATSortedMutableArray/ATSortedMutableArray.entitlements;
				CODE_SIGN_STYLE = Automatic;
				COMBINE_HIDPI_IMAGES = YES;
				DEVELOPMENT_TEAM = 3E442S8V72;
				INFOPLIST_FILE = ATSortedMutableArray/Info.plist;
				LD_RUNPATH_SEARCH_PATHS = (
					"$(inherited)",
					"@executable_path/../Frameworks",
				);
				PRODUCT_BUNDLE_IDENTIFIER = wfa.wk.ATSortedMutableArray;
				PRODUCT_NAME = "$(TARGET_NAME)";
			};
			name = Debug;
		};
		BA3FD02521B97C0100F9BADD /* Release */ = {
			isa = XCBuildConfiguration;
			buildSettings = {
				ASSETCATALOG_COMPILER_APPICON_NAME = AppIcon;
				CODE_SIGN_ENTITLEMENTS = ATSortedMutableArray/ATSortedMutableArray.entitlements;
				CODE_SIGN_STYLE = Automatic;
				COMBINE_HIDPI_IMAGES = YES;
				DEVELOPMENT_TEAM = 3E442S8V72;
				INFOPLIST_FILE = ATSortedMutableArray/Info.plist;
				LD_RUNPATH_SEARCH_PATHS = (
					"$(inherited)",
					"@executable_path/../Frameworks",
				);
				PRODUCT_BUNDLE_IDENTIFIER = wfa.wk.ATSortedMutableArray;
				PRODUCT_NAME = "$(TARGET_NAME)";
			};
			name = Release;
		};
/* End XCBuildConfiguration section */

/* Begin XCConfigurationList section */
		BA3FD00D21B97C0000F9BADD /* Build configuration list for PBXProject "ATSortedMutableArray" */ = {
			isa = XCConfigurationList;
			buildConfigurations = (
				BA3FD02121B97C0100F9BADD /* Debug */,
				BA3FD02221B97C0100F9BADD /* Release */,
			);
			defaultConfigurationIsVisible = 0;
			defaultConfigurationName = Release;
		};
		BA3FD02321B97C0100F9BADD /* Build configuration list for PBXNativeTarget "ATSortedMutableArray" */ = {
			isa = XCConfigurationList;
			buildConfigurations = (
				BA3FD02421B97C0100F9BADD /* Debug */,
				BA3FD02521B97C0100F9BADD /* Release */,
			);
			defaultConfigurationIsVisible = 0;
			defaultConfigurationName = Release;
		};
/* End XCConfigurationList section */
	};
	rootObject = BA3FD00A21B97C0000F9BADD /* Project object */;
}
